
Microsoft Visual Studio Solution File, Format Version 12.00
# Visual Studio Version 17
VisualStudioVersion = 17.9.34728.123
MinimumVisualStudioVersion = 10.0.40219.1
Project("{9A19103F-16F7-4668-BE54-9A1E7A4F7556}") = "TP1PROGRAMACIONII", "TP1PROGRAMACIONII.csproj", "{BE42CB60-4E1E-41C5-95BD-680F3D4CC14B}"
EndProject
Global
	GlobalSection(SolutionConfigurationPlatforms) = preSolution
		Debug|Any CPU = Debug|Any CPU
		Release|Any CPU = Release|Any CPU
	EndGlobalSection
	GlobalSection(ProjectConfigurationPlatforms) = postSolution
		{BE42CB60-4E1E-41C5-95BD-680F3D4CC14B}.Debug|Any CPU.ActiveCfg = Debug|Any CPU
		{BE42CB60-4E1E-41C5-95BD-680F3D4CC14B}.Debug|Any CPU.Build.0 = Debug|Any CPU
		{BE42CB60-4E1E-41C5-95BD-680F3D4CC14B}.Release|Any CPU.ActiveCfg = Release|Any CPU
		{BE42CB60-4E1E-41C5-95BD-680F3D4CC14B}.Release|Any CPU.Build.0 = Release|Any CPU
	EndGlobalSection
	GlobalSection(SolutionProperties) = preSolution
		HideSolutionNode = FALSE
	EndGlobalSection
	GlobalSection(ExtensibilityGlobals) = postSolution
		SolutionGuid = {01C4DC87-62DE-43A3-9E4B-F1F47CD78EA8}
	EndGlobalSection
EndGlobal
